{
  "name": "ws-module-scripts",
  "version": "0.0.1",
  "lockfileVersion": 1,
  "requires": true,
  "dependencies": {
    "child_process": {
      "version": "1.0.2",
      "resolved": "https://registry.npmjs.org/child_process/-/child_process-1.0.2.tgz",
      "integrity": "sha1-sffn/HPSXn/R1FWtyU4UODAYK1o="
    },
    "fs": {
      "version": "0.0.1-security",
      "resolved": "https://registry.npmjs.org/fs/-/fs-0.0.1-security.tgz",
      "integrity": "sha1-invTcYa23d84E/I4WLV+yq9eQdQ="
    },
    "typescript": {
      "version": "2.9.2",
      "resolved": "https://registry.npmjs.org/typescript/-/typescript-2.9.2.tgz",
      "integrity": "sha512-Gr4p6nFNaoufRIY4NMdpQRNmgxVIGMs4Fcu/ujdYk3nAZqk7supzBE9idmvfZIlH/Cuj//dvi+019qEue9lV0w=="
    },
    "typescript-require": {
      "version": "0.2.10",
      "resolved": "https://registry.npmjs.org/typescript-require/-/typescript-require-0.2.10.tgz",
      "integrity": "sha1-jI7iqnXzUwtWC4ScKSfNNpfrpo4=",
      "requires": {
        "typescript": "^1.5.3"
      },
      "dependencies": {
        "typescript": {
          "version": "1.8.10",
          "resolved": "https://registry.npmjs.org/typescript/-/typescript-1.8.10.tgz",
          "integrity": "sha1-tHXW4N/wv1DyluXKbvn7tccyDx4="
        }
      }
    }
  }
}
